
Microsoft Visual Studio Solution File, Format Version 12.00
# Visual Studio Version 17
VisualStudioVersion = 17.5.33530.505
MinimumVisualStudioVersion = 10.0.40219.1
Project("{9A19103F-16F7-4668-BE54-9A1E7A4F7556}") = "ModuleTracker.Wpf", "ModuleTracker\ModuleTracker.Wpf.csproj", "{72C88691-118D-44F6-BA35-6DE0AE8A8892}"
EndProject
Project("{9A19103F-16F7-4668-BE54-9A1E7A4F7556}") = "ModuleTracker.Domain", "ModuleTracker.Domain\ModuleTracker.Domain.csproj", "{902FB493-E820-4FBF-B423-D4A764F94E4F}"
EndProject
Project("{FAE04EC0-301F-11D3-BF4B-00C04F79EFBC}") = "ModuleTracker.EntityFramework", "ModuleTracker.EntityFramework\ModuleTracker.EntityFramework.csproj", "{E401BD4C-10A7-4503-A9BD-C176EEDB2B6D}"
EndProject
Global
	GlobalSection(SolutionConfigurationPlatforms) = preSolution
		Debug|Any CPU = Debug|Any CPU
		Release|Any CPU = Release|Any CPU
	EndGlobalSection
	GlobalSection(ProjectConfigurationPlatforms) = postSolution
		{72C88691-118D-44F6-BA35-6DE0AE8A8892}.Debug|Any CPU.ActiveCfg = Debug|Any CPU
		{72C88691-118D-44F6-BA35-6DE0AE8A8892}.Debug|Any CPU.Build.0 = Debug|Any CPU
		{72C88691-118D-44F6-BA35-6DE0AE8A8892}.Release|Any CPU.ActiveCfg = Release|Any CPU
		{72C88691-118D-44F6-BA35-6DE0AE8A8892}.Release|Any CPU.Build.0 = Release|Any CPU
		{902FB493-E820-4FBF-B423-D4A764F94E4F}.Debug|Any CPU.ActiveCfg = Debug|Any CPU
		{902FB493-E820-4FBF-B423-D4A764F94E4F}.Debug|Any CPU.Build.0 = Debug|Any CPU
		{902FB493-E820-4FBF-B423-D4A764F94E4F}.Release|Any CPU.ActiveCfg = Release|Any CPU
		{902FB493-E820-4FBF-B423-D4A764F94E4F}.Release|Any CPU.Build.0 = Release|Any CPU
		{E401BD4C-10A7-4503-A9BD-C176EEDB2B6D}.Debug|Any CPU.ActiveCfg = Debug|Any CPU
		{E401BD4C-10A7-4503-A9BD-C176EEDB2B6D}.Debug|Any CPU.Build.0 = Debug|Any CPU
		{E401BD4C-10A7-4503-A9BD-C176EEDB2B6D}.Release|Any CPU.ActiveCfg = Release|Any CPU
		{E401BD4C-10A7-4503-A9BD-C176EEDB2B6D}.Release|Any CPU.Build.0 = Release|Any CPU
	EndGlobalSection
	GlobalSection(SolutionProperties) = preSolution
		HideSolutionNode = FALSE
	EndGlobalSection
	GlobalSection(ExtensibilityGlobals) = postSolution
		SolutionGuid = {3E920540-9AFC-4416-B666-CA0E6BF975F5}
	EndGlobalSection
EndGlobal
